
Microsoft Visual Studio Solution File, Format Version 12.00
# Visual Studio 15
VisualStudioVersion = 15.0.28010.2048
MinimumVisualStudioVersion = 10.0.40219.1
Project("{FAE04EC0-301F-11D3-BF4B-00C04F79EFBC}") = "211220182", "211220182\211220182.csproj", "{BED274C4-AEDD-42EE-B26C-3322AAD62A69}"
EndProject
Project("{FAE04EC0-301F-11D3-BF4B-00C04F79EFBC}") = "26122018", "26122018\26122018.csproj", "{68D8A648-FCBF-4F4B-82BD-335B15FEC140}"
EndProject
Global
	GlobalSection(SolutionConfigurationPlatforms) = preSolution
		Debug|Any CPU = Debug|Any CPU
		Release|Any CPU = Release|Any CPU
	EndGlobalSection
	GlobalSection(ProjectConfigurationPlatforms) = postSolution
		{BED274C4-AEDD-42EE-B26C-3322AAD62A69}.Debug|Any CPU.ActiveCfg = Debug|Any CPU
		{BED274C4-AEDD-42EE-B26C-3322AAD62A69}.Debug|Any CPU.Build.0 = Debug|Any CPU
		{BED274C4-AEDD-42EE-B26C-3322AAD62A69}.Release|Any CPU.ActiveCfg = Release|Any CPU
		{BED274C4-AEDD-42EE-B26C-3322AAD62A69}.Release|Any CPU.Build.0 = Release|Any CPU
		{68D8A648-FCBF-4F4B-82BD-335B15FEC140}.Debug|Any CPU.ActiveCfg = Debug|Any CPU
		{68D8A648-FCBF-4F4B-82BD-335B15FEC140}.Debug|Any CPU.Build.0 = Debug|Any CPU
		{68D8A648-FCBF-4F4B-82BD-335B15FEC140}.Release|Any CPU.ActiveCfg = Release|Any CPU
		{68D8A648-FCBF-4F4B-82BD-335B15FEC140}.Release|Any CPU.Build.0 = Release|Any CPU
	EndGlobalSection
	GlobalSection(SolutionProperties) = preSolution
		HideSolutionNode = FALSE
	EndGlobalSection
	GlobalSection(ExtensibilityGlobals) = postSolution
		SolutionGuid = {AC827557-5FE2-466C-83CE-180348225750}
	EndGlobalSection
EndGlobal
